// !$*UTF8*$!
{
	archiveVersion = 1;
	classes = {
	};
	objectVersion = 56;
	objects = {

/* Begin PBXBuildFile section */
		9A6DB0922AEFDE680062D748 /* NSLayoutConstraints.swift in Sources */ = {isa = PBXBuildFile; fileRef = 9A6DB0912AEFDE680062D748 /* NSLayoutConstraints.swift */; };
		9A6DB0942AEFF3550062D748 /* BeerModel+Seeds.swift in Sources */ = {isa = PBXBuildFile; fileRef = 9A6DB0932AEFF3550062D748 /* BeerModel+Seeds.swift */; };
		9A6DB0962AF00E600062D748 /* BeersTableManager.swift in Sources */ = {isa = PBXBuildFile; fileRef = 9A6DB0952AF00E600062D748 /* BeersTableManager.swift */; };
		9A6DB0982AF01CF70062D748 /* BeersModuleFactory.swift in Sources */ = {isa = PBXBuildFile; fileRef = 9A6DB0972AF01CF70062D748 /* BeersModuleFactory.swift */; };
		9A6DB09C2AF02EB20062D748 /* BeerViewModel.swift in Sources */ = {isa = PBXBuildFile; fileRef = 9A6DB09B2AF02EB20062D748 /* BeerViewModel.swift */; };
		9A6DB09E2AF02FE30062D748 /* BeersDataFlow.swift in Sources */ = {isa = PBXBuildFile; fileRef = 9A6DB09D2AF02FE30062D748 /* BeersDataFlow.swift */; };
		9A6DB0A02AF034BE0062D748 /* Array+Subscript.swift in Sources */ = {isa = PBXBuildFile; fileRef = 9A6DB09F2AF034BE0062D748 /* Array+Subscript.swift */; };
		9A8B77C92AE6D021004AC66A /* BeersInteractor.swift in Sources */ = {isa = PBXBuildFile; fileRef = 9A8B77C82AE6D021004AC66A /* BeersInteractor.swift */; };
		9A8B77CB2AE6D03F004AC66A /* BeersPresenter.swift in Sources */ = {isa = PBXBuildFile; fileRef = 9A8B77CA2AE6D03F004AC66A /* BeersPresenter.swift */; };
		9A8B77D22AE6D443004AC66A /* APIError.swift in Sources */ = {isa = PBXBuildFile; fileRef = 9A8B77D12AE6D443004AC66A /* APIError.swift */; };
		9A8B77E22AE6DA82004AC66A /* BeersView.swift in Sources */ = {isa = PBXBuildFile; fileRef = 9A8B77E12AE6DA82004AC66A /* BeersView.swift */; };
		9A8B77E42AE6DB54004AC66A /* BeersTableViewCell.swift in Sources */ = {isa = PBXBuildFile; fileRef = 9A8B77E32AE6DB54004AC66A /* BeersTableViewCell.swift */; };
		9AD43D352AD45902009EA096 /* AppDelegate.swift in Sources */ = {isa = PBXBuildFile; fileRef = 9AD43D342AD45902009EA096 /* AppDelegate.swift */; };
		9AD43D372AD45902009EA096 /* SceneDelegate.swift in Sources */ = {isa = PBXBuildFile; fileRef = 9AD43D362AD45902009EA096 /* SceneDelegate.swift */; };
		9AD43D392AD45902009EA096 /* BeersViewController.swift in Sources */ = {isa = PBXBuildFile; fileRef = 9AD43D382AD45902009EA096 /* BeersViewController.swift */; };
		9AD43D3E2AD45903009EA096 /* Assets.xcassets in Resources */ = {isa = PBXBuildFile; fileRef = 9AD43D3D2AD45903009EA096 /* Assets.xcassets */; };
		9AD43D412AD45903009EA096 /* LaunchScreen.storyboard in Resources */ = {isa = PBXBuildFile; fileRef = 9AD43D3F2AD45903009EA096 /* LaunchScreen.storyboard */; };
		9AFC0E0E2ADD9376000FE0D7 /* Networking.swift in Sources */ = {isa = PBXBuildFile; fileRef = 9AFC0E0D2ADD9376000FE0D7 /* Networking.swift */; };
		9AFC0E142ADD94C9000FE0D7 /* BeerModel.swift in Sources */ = {isa = PBXBuildFile; fileRef = 9AFC0E132ADD94C9000FE0D7 /* BeerModel.swift */; };
		9AFC0E1D2ADD9D91000FE0D7 /* APIMethod.swift in Sources */ = {isa = PBXBuildFile; fileRef = 9AFC0E1C2ADD9D91000FE0D7 /* APIMethod.swift */; };
		9AFC0E212ADD9E38000FE0D7 /* Configuration.swift in Sources */ = {isa = PBXBuildFile; fileRef = 9AFC0E202ADD9E38000FE0D7 /* Configuration.swift */; };
		9AFC0E242ADD9EBD000FE0D7 /* Bool + Extension.swift in Sources */ = {isa = PBXBuildFile; fileRef = 9AFC0E232ADD9EBD000FE0D7 /* Bool + Extension.swift */; };
/* End PBXBuildFile section */

/* Begin PBXFileReference section */
		9A6DB0912AEFDE680062D748 /* NSLayoutConstraints.swift */ = {isa = PBXFileReference; lastKnownFileType = sourcecode.swift; path = NSLayoutConstraints.swift; sourceTree = "<group>"; };
		9A6DB0932AEFF3550062D748 /* BeerModel+Seeds.swift */ = {isa = PBXFileReference; lastKnownFileType = sourcecode.swift; path = "BeerModel+Seeds.swift"; sourceTree = "<group>"; };
		9A6DB0952AF00E600062D748 /* BeersTableManager.swift */ = {isa = PBXFileReference; lastKnownFileType = sourcecode.swift; path = BeersTableManager.swift; sourceTree = "<group>"; };
		9A6DB0972AF01CF70062D748 /* BeersModuleFactory.swift */ = {isa = PBXFileReference; lastKnownFileType = sourcecode.swift; path = BeersModuleFactory.swift; sourceTree = "<group>"; };
		9A6DB09B2AF02EB20062D748 /* BeerViewModel.swift */ = {isa = PBXFileReference; lastKnownFileType = sourcecode.swift; path = BeerViewModel.swift; sourceTree = "<group>"; };
		9A6DB09D2AF02FE30062D748 /* BeersDataFlow.swift */ = {isa = PBXFileReference; lastKnownFileType = sourcecode.swift; path = BeersDataFlow.swift; sourceTree = "<group>"; };
		9A6DB09F2AF034BE0062D748 /* Array+Subscript.swift */ = {isa = PBXFileReference; lastKnownFileType = sourcecode.swift; path = "Array+Subscript.swift"; sourceTree = "<group>"; };
		9A8B77C82AE6D021004AC66A /* BeersInteractor.swift */ = {isa = PBXFileReference; lastKnownFileType = sourcecode.swift; path = BeersInteractor.swift; sourceTree = "<group>"; };
		9A8B77CA2AE6D03F004AC66A /* BeersPresenter.swift */ = {isa = PBXFileReference; lastKnownFileType = sourcecode.swift; path = BeersPresenter.swift; sourceTree = "<group>"; };
		9A8B77D12AE6D443004AC66A /* APIError.swift */ = {isa = PBXFileReference; lastKnownFileType = sourcecode.swift; path = APIError.swift; sourceTree = "<group>"; };
		9A8B77E12AE6DA82004AC66A /* BeersView.swift */ = {isa = PBXFileReference; lastKnownFileType = sourcecode.swift; path = BeersView.swift; sourceTree = "<group>"; };
		9A8B77E32AE6DB54004AC66A /* BeersTableViewCell.swift */ = {isa = PBXFileReference; lastKnownFileType = sourcecode.swift; path = BeersTableViewCell.swift; sourceTree = "<group>"; };
		9AD43D312AD45902009EA096 /* ios_Alpha.app */ = {isa = PBXFileReference; explicitFileType = wrapper.application; includeInIndex = 0; path = ios_Alpha.app; sourceTree = BUILT_PRODUCTS_DIR; };
		9AD43D342AD45902009EA096 /* AppDelegate.swift */ = {isa = PBXFileReference; lastKnownFileType = sourcecode.swift; path = AppDelegate.swift; sourceTree = "<group>"; };
		9AD43D362AD45902009EA096 /* SceneDelegate.swift */ = {isa = PBXFileReference; lastKnownFileType = sourcecode.swift; path = SceneDelegate.swift; sourceTree = "<group>"; };
		9AD43D382AD45902009EA096 /* BeersViewController.swift */ = {isa = PBXFileReference; lastKnownFileType = sourcecode.swift; path = BeersViewController.swift; sourceTree = "<group>"; };
		9AD43D3D2AD45903009EA096 /* Assets.xcassets */ = {isa = PBXFileReference; lastKnownFileType = folder.assetcatalog; path = Assets.xcassets; sourceTree = "<group>"; };
		9AD43D402AD45903009EA096 /* Base */ = {isa = PBXFileReference; lastKnownFileType = file.storyboard; name = Base; path = Base.lproj/LaunchScreen.storyboard; sourceTree = "<group>"; };
		9AD43D422AD45903009EA096 /* Info.plist */ = {isa = PBXFileReference; lastKnownFileType = text.plist.xml; path = Info.plist; sourceTree = "<group>"; };
		9AFC0E0D2ADD9376000FE0D7 /* Networking.swift */ = {isa = PBXFileReference; lastKnownFileType = sourcecode.swift; path = Networking.swift; sourceTree = "<group>"; };
		9AFC0E132ADD94C9000FE0D7 /* BeerModel.swift */ = {isa = PBXFileReference; lastKnownFileType = sourcecode.swift; path = BeerModel.swift; sourceTree = "<group>"; };
		9AFC0E1C2ADD9D91000FE0D7 /* APIMethod.swift */ = {isa = PBXFileReference; lastKnownFileType = sourcecode.swift; path = APIMethod.swift; sourceTree = "<group>"; };
		9AFC0E1E2ADD9E06000FE0D7 /* Debug.xcconfig */ = {isa = PBXFileReference; lastKnownFileType = text.xcconfig; path = Debug.xcconfig; sourceTree = "<group>"; };
		9AFC0E1F2ADD9E27000FE0D7 /* Release.xcconfig */ = {isa = PBXFileReference; lastKnownFileType = text.xcconfig; path = Release.xcconfig; sourceTree = "<group>"; };
		9AFC0E202ADD9E38000FE0D7 /* Configuration.swift */ = {isa = PBXFileReference; lastKnownFileType = sourcecode.swift; path = Configuration.swift; sourceTree = "<group>"; };
		9AFC0E232ADD9EBD000FE0D7 /* Bool + Extension.swift */ = {isa = PBXFileReference; lastKnownFileType = sourcecode.swift; path = "Bool + Extension.swift"; sourceTree = "<group>"; };
/* End PBXFileReference section */

/* Begin PBXFrameworksBuildPhase section */
		9AD43D2E2AD45902009EA096 /* Frameworks */ = {
			isa = PBXFrameworksBuildPhase;
			buildActionMask = 2147483647;
			files = (
			);
			runOnlyForDeploymentPostprocessing = 0;
		};
/* End PBXFrameworksBuildPhase section */

/* Begin PBXGroup section */
		9A6DB0902AEFDE570062D748 /* UIKit */ = {
			isa = PBXGroup;
			children = (
				9A6DB0912AEFDE680062D748 /* NSLayoutConstraints.swift */,
			);
			name = UIKit;
			sourceTree = "<group>";
		};
		9A8B77C52AE6CF92004AC66A /* Base */ = {
			isa = PBXGroup;
			children = (
				9AD43D342AD45902009EA096 /* AppDelegate.swift */,
				9AD43D362AD45902009EA096 /* SceneDelegate.swift */,
			);
			path = Base;
			sourceTree = "<group>";
		};
		9A8B77C62AE6CF97004AC66A /* Modules */ = {
			isa = PBXGroup;
			children = (
				9A8B77C72AE6CF9E004AC66A /* Beers */,
			);
			path = Modules;
			sourceTree = "<group>";
		};
		9A8B77C72AE6CF9E004AC66A /* Beers */ = {
			isa = PBXGroup;
			children = (
				9A8B77E92AE6DBB5004AC66A /* VIPCycle */,
				9A8B77E72AE6DB99004AC66A /* Views */,
				9A8B77EA2AE6DBC3004AC66A /* Model */,
				9A8B77EB2AE6DBCB004AC66A /* Router */,
			);
			path = Beers;
			sourceTree = "<group>";
		};
		9A8B77E72AE6DB99004AC66A /* Views */ = {
			isa = PBXGroup;
			children = (
				9A8B77E12AE6DA82004AC66A /* BeersView.swift */,
				9A8B77E32AE6DB54004AC66A /* BeersTableViewCell.swift */,
				9A6DB0952AF00E600062D748 /* BeersTableManager.swift */,
			);
			path = Views;
			sourceTree = "<group>";
		};
		9A8B77E92AE6DBB5004AC66A /* VIPCycle */ = {
			isa = PBXGroup;
			children = (
				9A6DB0972AF01CF70062D748 /* BeersModuleFactory.swift */,
				9AD43D382AD45902009EA096 /* BeersViewController.swift */,
				9A8B77C82AE6D021004AC66A /* BeersInteractor.swift */,
				9A8B77CA2AE6D03F004AC66A /* BeersPresenter.swift */,
				9A6DB09D2AF02FE30062D748 /* BeersDataFlow.swift */,
			);
			path = VIPCycle;
			sourceTree = "<group>";
		};
		9A8B77EA2AE6DBC3004AC66A /* Model */ = {
			isa = PBXGroup;
			children = (
				9A6DB09B2AF02EB20062D748 /* BeerViewModel.swift */,
				9AFC0E132ADD94C9000FE0D7 /* BeerModel.swift */,
				9A6DB0932AEFF3550062D748 /* BeerModel+Seeds.swift */,
			);
			path = Model;
			sourceTree = "<group>";
		};
		9A8B77EB2AE6DBCB004AC66A /* Router */ = {
			isa = PBXGroup;
			children = (
			);
			path = Router;
			sourceTree = "<group>";
		};
		9AD43D282AD45902009EA096 = {
			isa = PBXGroup;
			children = (
				9AD43D332AD45902009EA096 /* ios_Alpha */,
				9AD43D322AD45902009EA096 /* Products */,
			);
			sourceTree = "<group>";
		};
		9AD43D322AD45902009EA096 /* Products */ = {
			isa = PBXGroup;
			children = (
				9AD43D312AD45902009EA096 /* ios_Alpha.app */,
			);
			name = Products;
			sourceTree = "<group>";
		};
		9AD43D332AD45902009EA096 /* ios_Alpha */ = {
			isa = PBXGroup;
			children = (
				9A8B77C52AE6CF92004AC66A /* Base */,
				9A8B77C62AE6CF97004AC66A /* Modules */,
				9AFC0E222ADD9E3E000FE0D7 /* Config */,
				9AFC0E152ADD9D68000FE0D7 /* HTTPClient */,
				9AFC0E252ADD9EC1000FE0D7 /* Extension */,
				9AD43D3D2AD45903009EA096 /* Assets.xcassets */,
				9AD43D3F2AD45903009EA096 /* LaunchScreen.storyboard */,
				9AD43D422AD45903009EA096 /* Info.plist */,
			);
			path = ios_Alpha;
			sourceTree = "<group>";
		};
		9AFC0E152ADD9D68000FE0D7 /* HTTPClient */ = {
			isa = PBXGroup;
			children = (
				9AFC0E0D2ADD9376000FE0D7 /* Networking.swift */,
				9A8B77D12AE6D443004AC66A /* APIError.swift */,
				9AFC0E1C2ADD9D91000FE0D7 /* APIMethod.swift */,
			);
			path = HTTPClient;
			sourceTree = "<group>";
		};
		9AFC0E222ADD9E3E000FE0D7 /* Config */ = {
			isa = PBXGroup;
			children = (
				9AFC0E202ADD9E38000FE0D7 /* Configuration.swift */,
				9AFC0E1E2ADD9E06000FE0D7 /* Debug.xcconfig */,
				9AFC0E1F2ADD9E27000FE0D7 /* Release.xcconfig */,
			);
			path = Config;
			sourceTree = "<group>";
		};
		9AFC0E252ADD9EC1000FE0D7 /* Extension */ = {
			isa = PBXGroup;
			children = (
				9A6DB0902AEFDE570062D748 /* UIKit */,
				9AFC0E262ADD9ECA000FE0D7 /* Foundation */,
			);
			path = Extension;
			sourceTree = "<group>";
		};
		9AFC0E262ADD9ECA000FE0D7 /* Foundation */ = {
			isa = PBXGroup;
			children = (
				9AFC0E232ADD9EBD000FE0D7 /* Bool + Extension.swift */,
				9A6DB09F2AF034BE0062D748 /* Array+Subscript.swift */,
			);
			name = Foundation;
			sourceTree = "<group>";
		};
/* End PBXGroup section */

/* Begin PBXNativeTarget section */
		9AD43D302AD45902009EA096 /* ios_Alpha */ = {
			isa = PBXNativeTarget;
			buildConfigurationList = 9AD43D452AD45903009EA096 /* Build configuration list for PBXNativeTarget "ios_Alpha" */;
			buildPhases = (
				9AD43D2D2AD45902009EA096 /* Sources */,
				9AD43D2E2AD45902009EA096 /* Frameworks */,
				9AD43D2F2AD45902009EA096 /* Resources */,
			);
			buildRules = (
			);
			dependencies = (
			);
			name = ios_Alpha;
			productName = ios_Alpha;
			productReference = 9AD43D312AD45902009EA096 /* ios_Alpha.app */;
			productType = "com.apple.product-type.application";
		};
/* End PBXNativeTarget section */

/* Begin PBXProject section */
		9AD43D292AD45902009EA096 /* Project object */ = {
			isa = PBXProject;
			attributes = {
				BuildIndependentTargetsInParallel = 1;
				LastSwiftUpdateCheck = 1500;
				LastUpgradeCheck = 1500;
				TargetAttributes = {
					9AD43D302AD45902009EA096 = {
						CreatedOnToolsVersion = 15.0;
					};
				};
			};
			buildConfigurationList = 9AD43D2C2AD45902009EA096 /* Build configuration list for PBXProject "ios_Alpha" */;
			compatibilityVersion = "Xcode 14.0";
			developmentRegion = en;
			hasScannedForEncodings = 0;
			knownRegions = (
				en,
				Base,
			);
			mainGroup = 9AD43D282AD45902009EA096;
			productRefGroup = 9AD43D322AD45902009EA096 /* Products */;
			projectDirPath = "";
			projectRoot = "";
			targets = (
				9AD43D302AD45902009EA096 /* ios_Alpha */,
			);
		};
/* End PBXProject section */

/* Begin PBXResourcesBuildPhase section */
		9AD43D2F2AD45902009EA096 /* Resources */ = {
			isa = PBXResourcesBuildPhase;
			buildActionMask = 2147483647;
			files = (
				9AD43D412AD45903009EA096 /* LaunchScreen.storyboard in Resources */,
				9AD43D3E2AD45903009EA096 /* Assets.xcassets in Resources */,
			);
			runOnlyForDeploymentPostprocessing = 0;
		};
/* End PBXResourcesBuildPhase section */

/* Begin PBXSourcesBuildPhase section */
		9AD43D2D2AD45902009EA096 /* Sources */ = {
			isa = PBXSourcesBuildPhase;
			buildActionMask = 2147483647;
			files = (
				9AD43D392AD45902009EA096 /* BeersViewController.swift in Sources */,
				9A6DB0A02AF034BE0062D748 /* Array+Subscript.swift in Sources */,
				9AD43D352AD45902009EA096 /* AppDelegate.swift in Sources */,
				9A8B77C92AE6D021004AC66A /* BeersInteractor.swift in Sources */,
				9A8B77E42AE6DB54004AC66A /* BeersTableViewCell.swift in Sources */,
				9A6DB09E2AF02FE30062D748 /* BeersDataFlow.swift in Sources */,
				9A6DB09C2AF02EB20062D748 /* BeerViewModel.swift in Sources */,
				9AFC0E212ADD9E38000FE0D7 /* Configuration.swift in Sources */,
				9A6DB0942AEFF3550062D748 /* BeerModel+Seeds.swift in Sources */,
				9AFC0E1D2ADD9D91000FE0D7 /* APIMethod.swift in Sources */,
				9AD43D372AD45902009EA096 /* SceneDelegate.swift in Sources */,
				9A8B77CB2AE6D03F004AC66A /* BeersPresenter.swift in Sources */,
				9AFC0E242ADD9EBD000FE0D7 /* Bool + Extension.swift in Sources */,
				9A6DB0962AF00E600062D748 /* BeersTableManager.swift in Sources */,
				9AFC0E0E2ADD9376000FE0D7 /* Networking.swift in Sources */,
				9A6DB0982AF01CF70062D748 /* BeersModuleFactory.swift in Sources */,
				9A6DB0922AEFDE680062D748 /* NSLayoutConstraints.swift in Sources */,
				9A8B77E22AE6DA82004AC66A /* BeersView.swift in Sources */,
				9AFC0E142ADD94C9000FE0D7 /* BeerModel.swift in Sources */,
				9A8B77D22AE6D443004AC66A /* APIError.swift in Sources */,
			);
			runOnlyForDeploymentPostprocessing = 0;
		};
/* End PBXSourcesBuildPhase section */

/* Begin PBXVariantGroup section */
		9AD43D3F2AD45903009EA096 /* LaunchScreen.storyboard */ = {
			isa = PBXVariantGroup;
			children = (
				9AD43D402AD45903009EA096 /* Base */,
			);
			name = LaunchScreen.storyboard;
			sourceTree = "<group>";
		};
/* End PBXVariantGroup section */

/* Begin XCBuildConfiguration section */
		9AD43D432AD45903009EA096 /* Debug */ = {
			isa = XCBuildConfiguration;
			buildSettings = {
				ALWAYS_SEARCH_USER_PATHS = NO;
				ASSETCATALOG_COMPILER_GENERATE_SWIFT_ASSET_SYMBOL_EXTENSIONS = YES;
				CLANG_ANALYZER_NONNULL = YES;
				CLANG_ANALYZER_NUMBER_OBJECT_CONVERSION = YES_AGGRESSIVE;
				CLANG_CXX_LANGUAGE_STANDARD = "gnu++20";
				CLANG_ENABLE_MODULES = YES;
				CLANG_ENABLE_OBJC_ARC = YES;
				CLANG_ENABLE_OBJC_WEAK = YES;
				CLANG_WARN_BLOCK_CAPTURE_AUTORELEASING = YES;
				CLANG_WARN_BOOL_CONVERSION = YES;
				CLANG_WARN_COMMA = YES;
				CLANG_WARN_CONSTANT_CONVERSION = YES;
				CLANG_WARN_DEPRECATED_OBJC_IMPLEMENTATIONS = YES;
				CLANG_WARN_DIRECT_OBJC_ISA_USAGE = YES_ERROR;
				CLANG_WARN_DOCUMENTATION_COMMENTS = YES;
				CLANG_WARN_EMPTY_BODY = YES;
				CLANG_WARN_ENUM_CONVERSION = YES;
				CLANG_WARN_INFINITE_RECURSION = YES;
				CLANG_WARN_INT_CONVERSION = YES;
				CLANG_WARN_NON_LITERAL_NULL_CONVERSION = YES;
				CLANG_WARN_OBJC_IMPLICIT_RETAIN_SELF = YES;
				CLANG_WARN_OBJC_LITERAL_CONVERSION = YES;
				CLANG_WARN_OBJC_ROOT_CLASS = YES_ERROR;
				CLANG_WARN_QUOTED_INCLUDE_IN_FRAMEWORK_HEADER = YES;
				CLANG_WARN_RANGE_LOOP_ANALYSIS = YES;
				CLANG_WARN_STRICT_PROTOTYPES = YES;
				CLANG_WARN_SUSPICIOUS_MOVE = YES;
				CLANG_WARN_UNGUARDED_AVAILABILITY = YES_AGGRESSIVE;
				CLANG_WARN_UNREACHABLE_CODE = YES;
				CLANG_WARN__DUPLICATE_METHOD_MATCH = YES;
				COPY_PHASE_STRIP = NO;
				DEBUG_INFORMATION_FORMAT = dwarf;
				ENABLE_STRICT_OBJC_MSGSEND = YES;
				ENABLE_TESTABILITY = YES;
				ENABLE_USER_SCRIPT_SANDBOXING = YES;
				GCC_C_LANGUAGE_STANDARD = gnu17;
				GCC_DYNAMIC_NO_PIC = NO;
				GCC_NO_COMMON_BLOCKS = YES;
				GCC_OPTIMIZATION_LEVEL = 0;
				GCC_PREPROCESSOR_DEFINITIONS = (
					"DEBUG=1",
					"$(inherited)",
				);
				GCC_WARN_64_TO_32_BIT_CONVERSION = YES;
				GCC_WARN_ABOUT_RETURN_TYPE = YES_ERROR;
				GCC_WARN_UNDECLARED_SELECTOR = YES;
				GCC_WARN_UNINITIALIZED_AUTOS = YES_AGGRESSIVE;
				GCC_WARN_UNUSED_FUNCTION = YES;
				GCC_WARN_UNUSED_VARIABLE = YES;
				IPHONEOS_DEPLOYMENT_TARGET = 17.0;
				LOCALIZATION_PREFERS_STRING_CATALOGS = YES;
				MTL_ENABLE_DEBUG_INFO = INCLUDE_SOURCE;
				MTL_FAST_MATH = YES;
				ONLY_ACTIVE_ARCH = YES;
				SDKROOT = iphoneos;
				SWIFT_ACTIVE_COMPILATION_CONDITIONS = "DEBUG $(inherited)";
				SWIFT_OPTIMIZATION_LEVEL = "-Onone";
			};
			name = Debug;
		};
		9AD43D442AD45903009EA096 /* Release */ = {
			isa = XCBuildConfiguration;
			buildSettings = {
				ALWAYS_SEARCH_USER_PATHS = NO;
				ASSETCATALOG_COMPILER_GENERATE_SWIFT_ASSET_SYMBOL_EXTENSIONS = YES;
				CLANG_ANALYZER_NONNULL = YES;
				CLANG_ANALYZER_NUMBER_OBJECT_CONVERSION = YES_AGGRESSIVE;
				CLANG_CXX_LANGUAGE_STANDARD = "gnu++20";
				CLANG_ENABLE_MODULES = YES;
				CLANG_ENABLE_OBJC_ARC = YES;
				CLANG_ENABLE_OBJC_WEAK = YES;
				CLANG_WARN_BLOCK_CAPTURE_AUTORELEASING = YES;
				CLANG_WARN_BOOL_CONVERSION = YES;
				CLANG_WARN_COMMA = YES;
				CLANG_WARN_CONSTANT_CONVERSION = YES;
				CLANG_WARN_DEPRECATED_OBJC_IMPLEMENTATIONS = YES;
				CLANG_WARN_DIRECT_OBJC_ISA_USAGE = YES_ERROR;
				CLANG_WARN_DOCUMENTATION_COMMENTS = YES;
				CLANG_WARN_EMPTY_BODY = YES;
				CLANG_WARN_ENUM_CONVERSION = YES;
				CLANG_WARN_INFINITE_RECURSION = YES;
				CLANG_WARN_INT_CONVERSION = YES;
				CLANG_WARN_NON_LITERAL_NULL_CONVERSION = YES;
				CLANG_WARN_OBJC_IMPLICIT_RETAIN_SELF = YES;
				CLANG_WARN_OBJC_LITERAL_CONVERSION = YES;
				CLANG_WARN_OBJC_ROOT_CLASS = YES_ERROR;
				CLANG_WARN_QUOTED_INCLUDE_IN_FRAMEWORK_HEADER = YES;
				CLANG_WARN_RANGE_LOOP_ANALYSIS = YES;
				CLANG_WARN_STRICT_PROTOTYPES = YES;
				CLANG_WARN_SUSPICIOUS_MOVE = YES;
				CLANG_WARN_UNGUARDED_AVAILABILITY = YES_AGGRESSIVE;
				CLANG_WARN_UNREACHABLE_CODE = YES;
				CLANG_WARN__DUPLICATE_METHOD_MATCH = YES;
				COPY_PHASE_STRIP = NO;
				DEBUG_INFORMATION_FORMAT = "dwarf-with-dsym";
				ENABLE_NS_ASSERTIONS = NO;
				ENABLE_STRICT_OBJC_MSGSEND = YES;
				ENABLE_USER_SCRIPT_SANDBOXING = YES;
				GCC_C_LANGUAGE_STANDARD = gnu17;
				GCC_NO_COMMON_BLOCKS = YES;
				GCC_WARN_64_TO_32_BIT_CONVERSION = YES;
				GCC_WARN_ABOUT_RETURN_TYPE = YES_ERROR;
				GCC_WARN_UNDECLARED_SELECTOR = YES;
				GCC_WARN_UNINITIALIZED_AUTOS = YES_AGGRESSIVE;
				GCC_WARN_UNUSED_FUNCTION = YES;
				GCC_WARN_UNUSED_VARIABLE = YES;
				IPHONEOS_DEPLOYMENT_TARGET = 17.0;
				LOCALIZATION_PREFERS_STRING_CATALOGS = YES;
				MTL_ENABLE_DEBUG_INFO = NO;
				MTL_FAST_MATH = YES;
				SDKROOT = iphoneos;
				SWIFT_COMPILATION_MODE = wholemodule;
				VALIDATE_PRODUCT = YES;
			};
			name = Release;
		};
		9AD43D462AD45903009EA096 /* Debug */ = {
			isa = XCBuildConfiguration;
			buildSettings = {
				ASSETCATALOG_COMPILER_APPICON_NAME = AppIcon;
				ASSETCATALOG_COMPILER_GLOBAL_ACCENT_COLOR_NAME = AccentColor;
				CODE_SIGN_STYLE = Automatic;
				CURRENT_PROJECT_VERSION = 1;
				DEVELOPMENT_TEAM = 8T4FM95P3Q;
				GENERATE_INFOPLIST_FILE = YES;
				INFOPLIST_FILE = ios_Alpha/Info.plist;
				INFOPLIST_KEY_UIApplicationSupportsIndirectInputEvents = YES;
				INFOPLIST_KEY_UILaunchStoryboardName = LaunchScreen;
				INFOPLIST_KEY_UISupportedInterfaceOrientations_iPad = "UIInterfaceOrientationPortrait UIInterfaceOrientationPortraitUpsideDown UIInterfaceOrientationLandscapeLeft UIInterfaceOrientationLandscapeRight";
				INFOPLIST_KEY_UISupportedInterfaceOrientations_iPhone = "UIInterfaceOrientationPortrait UIInterfaceOrientationLandscapeLeft UIInterfaceOrientationLandscapeRight";
				LD_RUNPATH_SEARCH_PATHS = (
					"$(inherited)",
					"@executable_path/Frameworks",
				);
				MARKETING_VERSION = 1.0;
				PRODUCT_BUNDLE_IDENTIFIER = "lilleeash.ios-Alpha";
				PRODUCT_NAME = "$(TARGET_NAME)";
				SWIFT_EMIT_LOC_STRINGS = YES;
				SWIFT_VERSION = 5.0;
				TARGETED_DEVICE_FAMILY = "1,2";
			};
			name = Debug;
		};
		9AD43D472AD45903009EA096 /* Release */ = {
			isa = XCBuildConfiguration;
			buildSettings = {
				ASSETCATALOG_COMPILER_APPICON_NAME = AppIcon;
				ASSETCATALOG_COMPILER_GLOBAL_ACCENT_COLOR_NAME = AccentColor;
				CODE_SIGN_STYLE = Automatic;
				CURRENT_PROJECT_VERSION = 1;
				DEVELOPMENT_TEAM = 8T4FM95P3Q;
				GENERATE_INFOPLIST_FILE = YES;
				INFOPLIST_FILE = ios_Alpha/Info.plist;
				INFOPLIST_KEY_UIApplicationSupportsIndirectInputEvents = YES;
				INFOPLIST_KEY_UILaunchStoryboardName = LaunchScreen;
				INFOPLIST_KEY_UISupportedInterfaceOrientations_iPad = "UIInterfaceOrientationPortrait UIInterfaceOrientationPortraitUpsideDown UIInterfaceOrientationLandscapeLeft UIInterfaceOrientationLandscapeRight";
				INFOPLIST_KEY_UISupportedInterfaceOrientations_iPhone = "UIInterfaceOrientationPortrait UIInterfaceOrientationLandscapeLeft UIInterfaceOrientationLandscapeRight";
				LD_RUNPATH_SEARCH_PATHS = (
					"$(inherited)",
					"@executable_path/Frameworks",
				);
				MARKETING_VERSION = 1.0;
				PRODUCT_BUNDLE_IDENTIFIER = "lilleeash.ios-Alpha";
				PRODUCT_NAME = "$(TARGET_NAME)";
				SWIFT_EMIT_LOC_STRINGS = YES;
				SWIFT_VERSION = 5.0;
				TARGETED_DEVICE_FAMILY = "1,2";
			};
			name = Release;
		};
/* End XCBuildConfiguration section */

/* Begin XCConfigurationList section */
		9AD43D2C2AD45902009EA096 /* Build configuration list for PBXProject "ios_Alpha" */ = {
			isa = XCConfigurationList;
			buildConfigurations = (
				9AD43D432AD45903009EA096 /* Debug */,
				9AD43D442AD45903009EA096 /* Release */,
			);
			defaultConfigurationIsVisible = 0;
			defaultConfigurationName = Release;
		};
		9AD43D452AD45903009EA096 /* Build configuration list for PBXNativeTarget "ios_Alpha" */ = {
			isa = XCConfigurationList;
			buildConfigurations = (
				9AD43D462AD45903009EA096 /* Debug */,
				9AD43D472AD45903009EA096 /* Release */,
			);
			defaultConfigurationIsVisible = 0;
			defaultConfigurationName = Release;
		};
/* End XCConfigurationList section */
	};
	rootObject = 9AD43D292AD45902009EA096 /* Project object */;
}
